{
  "requires": true,
  "lockfileVersion": 1,
  "dependencies": {
    "kefir": {
      "version": "3.8.6",
      "resolved": "https://registry.npmjs.org/kefir/-/kefir-3.8.6.tgz",
      "integrity": "sha512-H/8ZTjmEEme2YL388rgy5fFlz2NM4ZImNI2rJrTsR8og454kpY3lPVv53W9lfevNELfNeYD33gMdIKHL25z7WA==",
      "requires": {
        "symbol-observable": "1.0.4"
      }
    },
    "symbol-observable": {
      "version": "1.0.4",
      "resolved": "https://registry.npmjs.org/symbol-observable/-/symbol-observable-1.0.4.tgz",
      "integrity": "sha1-Kb9hXUqnEhvdiYsi1LP5vE4qoD0="
    }
  }
}
